
Microsoft Visual Studio Solution File, Format Version 11.00
# Visual Studio 2010
Project("{FAE04EC0-301F-11D3-BF4B-00C04F79EFBC}") = "Aula15_GridView", "Aula15_GridView\Aula15_GridView.csproj", "{EC15D789-333B-4B5F-8BD4-B79B2810CD98}"
EndProject
Global
	GlobalSection(SolutionConfigurationPlatforms) = preSolution
		Debug|x86 = Debug|x86
		Release|x86 = Release|x86
	EndGlobalSection
	GlobalSection(ProjectConfigurationPlatforms) = postSolution
		{EC15D789-333B-4B5F-8BD4-B79B2810CD98}.Debug|x86.ActiveCfg = Debug|x86
		{EC15D789-333B-4B5F-8BD4-B79B2810CD98}.Debug|x86.Build.0 = Debug|x86
		{EC15D789-333B-4B5F-8BD4-B79B2810CD98}.Release|x86.ActiveCfg = Release|x86
		{EC15D789-333B-4B5F-8BD4-B79B2810CD98}.Release|x86.Build.0 = Release|x86
	EndGlobalSection
	GlobalSection(SolutionProperties) = preSolution
		HideSolutionNode = FALSE
	EndGlobalSection
EndGlobal
